{
  "name": "@chelonia/cli",
  "version": "3.4.0",
  "lockfileVersion": 2,
  "requires": true,
  "packages": {
    "": {
      "name": "@chelonia/cli",
      "version": "3.4.0",
      "cpu": [
        "arm64",
        "x64"
      ],
      "license": "AGPL-3.0",
      "os": [
        "darwin",
        "linux",
        "win32"
      ],
      "optionalDependencies": {
        "@chelonia/cli-arm64-darwin": "3.3.2",
        "@chelonia/cli-arm64-linux": "3.3.2",
        "@chelonia/cli-x64-darwin": "3.3.2",
        "@chelonia/cli-x64-linux": "3.3.2",
        "@chelonia/cli-x64-win32": "3.3.2"
      }
    }
  },
  "dependencies": {
    "@chelonia/cli-arm64-darwin": {
      "optional": true
    },
    "@chelonia/cli-arm64-linux": {
      "optional": true
    },
    "@chelonia/cli-x64-darwin": {
      "optional": true
    },
    "@chelonia/cli-x64-linux": {
      "optional": true
    },
    "@chelonia/cli-x64-win32": {
      "optional": true
    }
  }
}
